
Microsoft Visual Studio Solution File, Format Version 12.00
# Visual Studio Version 17
VisualStudioVersion = 17.0.31903.59
MinimumVisualStudioVersion = 10.0.40219.1
Project("{FAE04EC0-301F-11D3-BF4B-00C04F79EFBC}") = "MarketingManagementSystem.Core", "MarketingManagementSystem.Core\MarketingManagementSystem.Core.csproj", "{1C5986B1-01AC-42B5-AE9D-17FCEDD84EFB}"
EndProject
Project("{FAE04EC0-301F-11D3-BF4B-00C04F79EFBC}") = "MarketingManagementSystem.Infrastucture", "MarketingManagementSystem.Infrastucture\MarketingManagementSystem.Infrastucture.csproj", "{7D98D7B9-FE54-44AA-AA5E-B39208C4965C}"
EndProject
Project("{FAE04EC0-301F-11D3-BF4B-00C04F79EFBC}") = "MarketingManagementSystem.SharedKernel", "MarketingManagementSystem.SharedKernel\MarketingManagementSystem.SharedKernel.csproj", "{F37404BD-4424-4CE5-9343-41D2641A7604}"
EndProject
Project("{FAE04EC0-301F-11D3-BF4B-00C04F79EFBC}") = "MarketingManagementSystem.Web", "MarketingManagementSystem.Web\MarketingManagementSystem.Web.csproj", "{8DE07198-0361-455D-A3A9-154C0FBBC0DB}"
EndProject
Global
	GlobalSection(SolutionConfigurationPlatforms) = preSolution
		Debug|Any CPU = Debug|Any CPU
		Release|Any CPU = Release|Any CPU
	EndGlobalSection
	GlobalSection(SolutionProperties) = preSolution
		HideSolutionNode = FALSE
	EndGlobalSection
	GlobalSection(ProjectConfigurationPlatforms) = postSolution
		{1C5986B1-01AC-42B5-AE9D-17FCEDD84EFB}.Debug|Any CPU.ActiveCfg = Debug|Any CPU
		{1C5986B1-01AC-42B5-AE9D-17FCEDD84EFB}.Debug|Any CPU.Build.0 = Debug|Any CPU
		{1C5986B1-01AC-42B5-AE9D-17FCEDD84EFB}.Release|Any CPU.ActiveCfg = Release|Any CPU
		{1C5986B1-01AC-42B5-AE9D-17FCEDD84EFB}.Release|Any CPU.Build.0 = Release|Any CPU
		{7D98D7B9-FE54-44AA-AA5E-B39208C4965C}.Debug|Any CPU.ActiveCfg = Debug|Any CPU
		{7D98D7B9-FE54-44AA-AA5E-B39208C4965C}.Debug|Any CPU.Build.0 = Debug|Any CPU
		{7D98D7B9-FE54-44AA-AA5E-B39208C4965C}.Release|Any CPU.ActiveCfg = Release|Any CPU
		{7D98D7B9-FE54-44AA-AA5E-B39208C4965C}.Release|Any CPU.Build.0 = Release|Any CPU
		{F37404BD-4424-4CE5-9343-41D2641A7604}.Debug|Any CPU.ActiveCfg = Debug|Any CPU
		{F37404BD-4424-4CE5-9343-41D2641A7604}.Debug|Any CPU.Build.0 = Debug|Any CPU
		{F37404BD-4424-4CE5-9343-41D2641A7604}.Release|Any CPU.ActiveCfg = Release|Any CPU
		{F37404BD-4424-4CE5-9343-41D2641A7604}.Release|Any CPU.Build.0 = Release|Any CPU
		{8DE07198-0361-455D-A3A9-154C0FBBC0DB}.Debug|Any CPU.ActiveCfg = Debug|Any CPU
		{8DE07198-0361-455D-A3A9-154C0FBBC0DB}.Debug|Any CPU.Build.0 = Debug|Any CPU
		{8DE07198-0361-455D-A3A9-154C0FBBC0DB}.Release|Any CPU.ActiveCfg = Release|Any CPU
		{8DE07198-0361-455D-A3A9-154C0FBBC0DB}.Release|Any CPU.Build.0 = Release|Any CPU
	EndGlobalSection
EndGlobal
